Microsoft Visual Studio Solution File, Format Version 12.00
# Visual Studio Version 17
VisualStudioVersion = 17.5.2.0
MinimumVisualStudioVersion = 10.0.40219.1
Project("{FAE04EC0-301F-11D3-BF4B-00C04F79EFBC}") = "jwt-demo", "jwt-demo.csproj", "{D8408EC3-0778-5469-8E1F-098858F486DC}"
EndProject
Global
	GlobalSection(SolutionConfigurationPlatforms) = preSolution
		Debug|Any CPU = Debug|Any CPU
		Release|Any CPU = Release|Any CPU
	EndGlobalSection
	GlobalSection(ProjectConfigurationPlatforms) = postSolution
		{D8408EC3-0778-5469-8E1F-098858F486DC}.Debug|Any CPU.ActiveCfg = Debug|Any CPU
		{D8408EC3-0778-5469-8E1F-098858F486DC}.Debug|Any CPU.Build.0 = Debug|Any CPU
		{D8408EC3-0778-5469-8E1F-098858F486DC}.Release|Any CPU.ActiveCfg = Release|Any CPU
		{D8408EC3-0778-5469-8E1F-098858F486DC}.Release|Any CPU.Build.0 = Release|Any CPU
	EndGlobalSection
	GlobalSection(SolutionProperties) = preSolution
		HideSolutionNode = FALSE
	EndGlobalSection
	GlobalSection(ExtensibilityGlobals) = postSolution
		SolutionGuid = {511F6A25-9301-4F87-A3F7-ABE79C81A475}
	EndGlobalSection
EndGlobal
